{
  "pins" : [
    {
      "identity" : "swiftterm",
      "kind" : "remoteSourceControl",
      "location" : "https://github.com/migueldeicaza/SwiftTerm.git",
      "state" : {
        "revision" : "e2c374952c77f5f43db7765f5e9f0cf47604c7b0",
        "version" : "1.2.2"
      }
    }
  ],
  "version" : 2
}
